
Microsoft Visual Studio Solution File, Format Version 12.00
# Visual Studio 15
VisualStudioVersion = 15.0.28307.271
MinimumVisualStudioVersion = 10.0.40219.1
Project("{FAE04EC0-301F-11D3-BF4B-00C04F79EFBC}") = "ProyectoCrystal_AndresVeliz", "ProyectoCrystal_AndresVeliz\ProyectoCrystal_AndresVeliz.csproj", "{F4071972-1E23-477A-9DC9-3B15C49A3948}"
EndProject
Global
	GlobalSection(SolutionConfigurationPlatforms) = preSolution
		Debug|Any CPU = Debug|Any CPU
		Release|Any CPU = Release|Any CPU
	EndGlobalSection
	GlobalSection(ProjectConfigurationPlatforms) = postSolution
		{F4071972-1E23-477A-9DC9-3B15C49A3948}.Debug|Any CPU.ActiveCfg = Debug|Any CPU
		{F4071972-1E23-477A-9DC9-3B15C49A3948}.Debug|Any CPU.Build.0 = Debug|Any CPU
		{F4071972-1E23-477A-9DC9-3B15C49A3948}.Release|Any CPU.ActiveCfg = Release|Any CPU
		{F4071972-1E23-477A-9DC9-3B15C49A3948}.Release|Any CPU.Build.0 = Release|Any CPU
	EndGlobalSection
	GlobalSection(SolutionProperties) = preSolution
		HideSolutionNode = FALSE
	EndGlobalSection
	GlobalSection(ExtensibilityGlobals) = postSolution
		SolutionGuid = {B3690B04-1FBC-4BBF-9B36-0CA69999CAD0}
	EndGlobalSection
EndGlobal
